// !$*UTF8*$!
{
	archiveVersion = 1;
	classes = {
	};
	objectVersion = 48;
	objects = {

/* Begin PBXBuildFile section */
		1D5549D12052773600A46BEB /* AppDelegate.swift in Sources */ = {isa = PBXBuildFile; fileRef = 1D5549D02052773600A46BEB /* AppDelegate.swift */; };
		1D5549D62052773600A46BEB /* Main.storyboard in Resources */ = {isa = PBXBuildFile; fileRef = 1D5549D42052773600A46BEB /* Main.storyboard */; };
		1D5549D82052773600A46BEB /* Assets.xcassets in Resources */ = {isa = PBXBuildFile; fileRef = 1D5549D72052773600A46BEB /* Assets.xcassets */; };
		1D5549DB2052773600A46BEB /* LaunchScreen.storyboard in Resources */ = {isa = PBXBuildFile; fileRef = 1D5549D92052773600A46BEB /* LaunchScreen.storyboard */; };
		1D78404E2063A44E0031AADE /* RxSwift.framework in Frameworks */ = {isa = PBXBuildFile; fileRef = 1D78404C2063A44E0031AADE /* RxSwift.framework */; };
		1D78404F2063A44E0031AADE /* RxCocoa.framework in Frameworks */ = {isa = PBXBuildFile; fileRef = 1D78404D2063A44E0031AADE /* RxCocoa.framework */; };
		5A40C1A2621B4E89C86AD95A /* ToolViewController.swift in Sources */ = {isa = PBXBuildFile; fileRef = 5A40C13B9B2729DFA64CD571 /* ToolViewController.swift */; };
		5A40C36497F1CEAFEC955F26 /* ColorVC.swift in Sources */ = {isa = PBXBuildFile; fileRef = 5A40CB5148FB5CA2AFF496AF /* ColorVC.swift */; };
		5A40C47E359545299FBD1081 /* ViewController.swift in Sources */ = {isa = PBXBuildFile; fileRef = 5A40C85BB029F61F94FF5CBE /* ViewController.swift */; };
		5A40C782D42A42DCBE5D7AA5 /* GreenVC.swift in Sources */ = {isa = PBXBuildFile; fileRef = 5A40C03F546B897758401D99 /* GreenVC.swift */; };
		5A40C7E40FCCFD20861FD768 /* Modal.swift in Sources */ = {isa = PBXBuildFile; fileRef = 5A40C8EDD2908DA820EF012D /* Modal.swift */; };
		5A40C7F197E7BBCCADA6C2E1 /* BlueVC.swift in Sources */ = {isa = PBXBuildFile; fileRef = 5A40C2442A60C08D6ACDD99E /* BlueVC.swift */; };
		5A40C8265A2958652C157937 /* RedVC.swift in Sources */ = {isa = PBXBuildFile; fileRef = 5A40CF5DEC0DDC0D75C70457 /* RedVC.swift */; };
		5A40CE88C0F21224D5E6B086 /* YellowVC.swift in Sources */ = {isa = PBXBuildFile; fileRef = 5A40C9AC2216263E03446EA3 /* YellowVC.swift */; };
/* End PBXBuildFile section */

/* Begin PBXContainerItemProxy section */
		1D7840482063A4170031AADE /* PBXContainerItemProxy */ = {
			isa = PBXContainerItemProxy;
			containerPortal = 1D7840432063A4170031AADE /* RxModalityStack.xcodeproj */;
			proxyType = 2;
			remoteGlobalIDString = 1D5549AA2052770C00A46BEB;
			remoteInfo = RxModalityStack;
		};
		1D78404A2063A4170031AADE /* PBXContainerItemProxy */ = {
			isa = PBXContainerItemProxy;
			containerPortal = 1D7840432063A4170031AADE /* RxModalityStack.xcodeproj */;
			proxyType = 2;
			remoteGlobalIDString = 1D5549B32052770C00A46BEB;
			remoteInfo = RxModalityStackTests;
		};
		1D7840512063A4C30031AADE /* PBXContainerItemProxy */ = {
			isa = PBXContainerItemProxy;
			containerPortal = 1D7840432063A4170031AADE /* RxModalityStack.xcodeproj */;
			proxyType = 1;
			remoteGlobalIDString = 1D5549A92052770C00A46BEB;
			remoteInfo = RxModalityStack;
		};
/* End PBXContainerItemProxy section */

/* Begin PBXCopyFilesBuildPhase section */
		1D554A1C20527C2B00A46BEB /* Embed Frameworks */ = {
			isa = PBXCopyFilesBuildPhase;
			buildActionMask = 2147483647;
			dstPath = "";
			dstSubfolderSpec = 10;
			files = (
			);
			name = "Embed Frameworks";
			runOnlyForDeploymentPostprocessing = 0;
		};
/* End PBXCopyFilesBuildPhase section */

/* Begin PBXFileReference section */
		1D5549CD2052773600A46BEB /* RxModalityStackExample.app */ = {isa = PBXFileReference; explicitFileType = wrapper.application; includeInIndex = 0; path = RxModalityStackExample.app; sourceTree = BUILT_PRODUCTS_DIR; };
		1D5549D02052773600A46BEB /* AppDelegate.swift */ = {isa = PBXFileReference; lastKnownFileType = sourcecode.swift; path = AppDelegate.swift; sourceTree = "<group>"; };
		1D5549D52052773600A46BEB /* Base */ = {isa = PBXFileReference; lastKnownFileType = file.storyboard; name = Base; path = Base.lproj/Main.storyboard; sourceTree = "<group>"; };
		1D5549D72052773600A46BEB /* Assets.xcassets */ = {isa = PBXFileReference; lastKnownFileType = folder.assetcatalog; path = Assets.xcassets; sourceTree = "<group>"; };
		1D5549DA2052773600A46BEB /* Base */ = {isa = PBXFileReference; lastKnownFileType = file.storyboard; name = Base; path = Base.lproj/LaunchScreen.storyboard; sourceTree = "<group>"; };
		1D5549DC2052773600A46BEB /* Info.plist */ = {isa = PBXFileReference; lastKnownFileType = text.plist.xml; path = Info.plist; sourceTree = "<group>"; };
		1D7840432063A4170031AADE /* RxModalityStack.xcodeproj */ = {isa = PBXFileReference; lastKnownFileType = "wrapper.pb-project"; name = RxModalityStack.xcodeproj; path = ../RxModalityStack.xcodeproj; sourceTree = "<group>"; };
		1D78404C2063A44E0031AADE /* RxSwift.framework */ = {isa = PBXFileReference; lastKnownFileType = wrapper.framework; name = RxSwift.framework; path = ../Carthage/Build/iOS/RxSwift.framework; sourceTree = "<group>"; };
		1D78404D2063A44E0031AADE /* RxCocoa.framework */ = {isa = PBXFileReference; lastKnownFileType = wrapper.framework; name = RxCocoa.framework; path = ../Carthage/Build/iOS/RxCocoa.framework; sourceTree = "<group>"; };
		5A40C03F546B897758401D99 /* GreenVC.swift */ = {isa = PBXFileReference; fileEncoding = 4; lastKnownFileType = sourcecode.swift; path = GreenVC.swift; sourceTree = "<group>"; };
		5A40C13B9B2729DFA64CD571 /* ToolViewController.swift */ = {isa = PBXFileReference; fileEncoding = 4; lastKnownFileType = sourcecode.swift; path = ToolViewController.swift; sourceTree = "<group>"; };
		5A40C2442A60C08D6ACDD99E /* BlueVC.swift */ = {isa = PBXFileReference; fileEncoding = 4; lastKnownFileType = sourcecode.swift; path = BlueVC.swift; sourceTree = "<group>"; };
		5A40C85BB029F61F94FF5CBE /* ViewController.swift */ = {isa = PBXFileReference; fileEncoding = 4; lastKnownFileType = sourcecode.swift; path = ViewController.swift; sourceTree = "<group>"; };
		5A40C8EDD2908DA820EF012D /* Modal.swift */ = {isa = PBXFileReference; fileEncoding = 4; lastKnownFileType = sourcecode.swift; path = Modal.swift; sourceTree = "<group>"; };
		5A40C9AC2216263E03446EA3 /* YellowVC.swift */ = {isa = PBXFileReference; fileEncoding = 4; lastKnownFileType = sourcecode.swift; path = YellowVC.swift; sourceTree = "<group>"; };
		5A40CB5148FB5CA2AFF496AF /* ColorVC.swift */ = {isa = PBXFileReference; fileEncoding = 4; lastKnownFileType = sourcecode.swift; path = ColorVC.swift; sourceTree = "<group>"; };
		5A40CF5DEC0DDC0D75C70457 /* RedVC.swift */ = {isa = PBXFileReference; fileEncoding = 4; lastKnownFileType = sourcecode.swift; path = RedVC.swift; sourceTree = "<group>"; };
/* End PBXFileReference section */

/* Begin PBXFrameworksBuildPhase section */
		1D5549CA2052773600A46BEB /* Frameworks */ = {
			isa = PBXFrameworksBuildPhase;
			buildActionMask = 2147483647;
			files = (
				1D78404E2063A44E0031AADE /* RxSwift.framework in Frameworks */,
				1D78404F2063A44E0031AADE /* RxCocoa.framework in Frameworks */,
			);
			runOnlyForDeploymentPostprocessing = 0;
		};
/* End PBXFrameworksBuildPhase section */

/* Begin PBXGroup section */
		1D5549C42052773600A46BEB = {
			isa = PBXGroup;
			children = (
				1D7840432063A4170031AADE /* RxModalityStack.xcodeproj */,
				1D5549CF2052773600A46BEB /* RxModalityStackExample */,
				1D5549CE2052773600A46BEB /* Products */,
				1D554A0420527A7600A46BEB /* Frameworks */,
			);
			sourceTree = "<group>";
		};
		1D5549CE2052773600A46BEB /* Products */ = {
			isa = PBXGroup;
			children = (
				1D5549CD2052773600A46BEB /* RxModalityStackExample.app */,
			);
			name = Products;
			sourceTree = "<group>";
		};
		1D5549CF2052773600A46BEB /* RxModalityStackExample */ = {
			isa = PBXGroup;
			children = (
				1D5549D02052773600A46BEB /* AppDelegate.swift */,
				1D5549D42052773600A46BEB /* Main.storyboard */,
				1D5549D72052773600A46BEB /* Assets.xcassets */,
				1D5549D92052773600A46BEB /* LaunchScreen.storyboard */,
				1D5549DC2052773600A46BEB /* Info.plist */,
				5A40CD66F0611EF58F5022DF /* ViewControllers */,
				5A40C8EDD2908DA820EF012D /* Modal.swift */,
			);
			path = RxModalityStackExample;
			sourceTree = "<group>";
		};
		1D554A0420527A7600A46BEB /* Frameworks */ = {
			isa = PBXGroup;
			children = (
				1D78404D2063A44E0031AADE /* RxCocoa.framework */,
				1D78404C2063A44E0031AADE /* RxSwift.framework */,
			);
			name = Frameworks;
			sourceTree = "<group>";
		};
		1D7840442063A4170031AADE /* Products */ = {
			isa = PBXGroup;
			children = (
				1D7840492063A4170031AADE /* RxModalityStack.framework */,
				1D78404B2063A4170031AADE /* RxModalityStackTests.xctest */,
			);
			name = Products;
			sourceTree = "<group>";
		};
		5A40CD66F0611EF58F5022DF /* ViewControllers */ = {
			isa = PBXGroup;
			children = (
				5A40C03F546B897758401D99 /* GreenVC.swift */,
				5A40CF5DEC0DDC0D75C70457 /* RedVC.swift */,
				5A40C13B9B2729DFA64CD571 /* ToolViewController.swift */,
				5A40C85BB029F61F94FF5CBE /* ViewController.swift */,
				5A40C2442A60C08D6ACDD99E /* BlueVC.swift */,
				5A40C9AC2216263E03446EA3 /* YellowVC.swift */,
				5A40CB5148FB5CA2AFF496AF /* ColorVC.swift */,
			);
			path = ViewControllers;
			sourceTree = "<group>";
		};
/* End PBXGroup section */

/* Begin PBXNativeTarget section */
		1D5549CC2052773600A46BEB /* RxModalityStackExample */ = {
			isa = PBXNativeTarget;
			buildConfigurationList = 1D5549DF2052773600A46BEB /* Build configuration list for PBXNativeTarget "RxModalityStackExample" */;
			buildPhases = (
				1D5549C92052773600A46BEB /* Sources */,
				1D5549CA2052773600A46BEB /* Frameworks */,
				1D5549CB2052773600A46BEB /* Resources */,
				1D554A1C20527C2B00A46BEB /* Embed Frameworks */,
				1D7840502063A4600031AADE /* [Carthage] Run Script */,
			);
			buildRules = (
			);
			dependencies = (
				1D7840522063A4C30031AADE /* PBXTargetDependency */,
			);
			name = RxModalityStackExample;
			productName = RxModalityStackExample;
			productReference = 1D5549CD2052773600A46BEB /* RxModalityStackExample.app */;
			productType = "com.apple.product-type.application";
		};
/* End PBXNativeTarget section */

/* Begin PBXProject section */
		1D5549C52052773600A46BEB /* Project object */ = {
			isa = PBXProject;
			attributes = {
				LastSwiftUpdateCheck = 0920;
				LastUpgradeCheck = 0920;
				ORGANIZATIONNAME = "Chope Industry";
				TargetAttributes = {
					1D5549CC2052773600A46BEB = {
						CreatedOnToolsVersion = 9.2;
						ProvisioningStyle = Automatic;
					};
				};
			};
			buildConfigurationList = 1D5549C82052773600A46BEB /* Build configuration list for PBXProject "RxModalityStackExample" */;
			compatibilityVersion = "Xcode 8.0";
			developmentRegion = en;
			hasScannedForEncodings = 0;
			knownRegions = (
				en,
				Base,
			);
			mainGroup = 1D5549C42052773600A46BEB;
			productRefGroup = 1D5549CE2052773600A46BEB /* Products */;
			projectDirPath = "";
			projectReferences = (
				{
					ProductGroup = 1D7840442063A4170031AADE /* Products */;
					ProjectRef = 1D7840432063A4170031AADE /* RxModalityStack.xcodeproj */;
				},
			);
			projectRoot = "";
			targets = (
				1D5549CC2052773600A46BEB /* RxModalityStackExample */,
			);
		};
/* End PBXProject section */

/* Begin PBXReferenceProxy section */
		1D7840492063A4170031AADE /* RxModalityStack.framework */ = {
			isa = PBXReferenceProxy;
			fileType = wrapper.framework;
			path = RxModalityStack.framework;
			remoteRef = 1D7840482063A4170031AADE /* PBXContainerItemProxy */;
			sourceTree = BUILT_PRODUCTS_DIR;
		};
		1D78404B2063A4170031AADE /* RxModalityStackTests.xctest */ = {
			isa = PBXReferenceProxy;
			fileType = wrapper.cfbundle;
			path = RxModalityStackTests.xctest;
			remoteRef = 1D78404A2063A4170031AADE /* PBXContainerItemProxy */;
			sourceTree = BUILT_PRODUCTS_DIR;
		};
/* End PBXReferenceProxy section */

/* Begin PBXResourcesBuildPhase section */
		1D5549CB2052773600A46BEB /* Resources */ = {
			isa = PBXResourcesBuildPhase;
			buildActionMask = 2147483647;
			files = (
				1D5549DB2052773600A46BEB /* LaunchScreen.storyboard in Resources */,
				1D5549D82052773600A46BEB /* Assets.xcassets in Resources */,
				1D5549D62052773600A46BEB /* Main.storyboard in Resources */,
			);
			runOnlyForDeploymentPostprocessing = 0;
		};
/* End PBXResourcesBuildPhase section */

/* Begin PBXShellScriptBuildPhase section */
		1D7840502063A4600031AADE /* [Carthage] Run Script */ = {
			isa = PBXShellScriptBuildPhase;
			buildActionMask = 2147483647;
			files = (
			);
			inputPaths = (
				"$(SRCROOT)/../Carthage/Build/iOS/RxSwift.framework",
				"$(SRCROOT)/../Carthage/Build/iOS/RxCocoa.framework",
			);
			name = "[Carthage] Run Script";
			outputPaths = (
			);
			runOnlyForDeploymentPostprocessing = 0;
			shellPath = /bin/sh;
			shellScript = "/usr/local/bin/carthage copy-frameworks";
		};
/* End PBXShellScriptBuildPhase section */

/* Begin PBXSourcesBuildPhase section */
		1D5549C92052773600A46BEB /* Sources */ = {
			isa = PBXSourcesBuildPhase;
			buildActionMask = 2147483647;
			files = (
				1D5549D12052773600A46BEB /* AppDelegate.swift in Sources */,
				5A40C782D42A42DCBE5D7AA5 /* GreenVC.swift in Sources */,
				5A40C8265A2958652C157937 /* RedVC.swift in Sources */,
				5A40C1A2621B4E89C86AD95A /* ToolViewController.swift in Sources */,
				5A40C47E359545299FBD1081 /* ViewController.swift in Sources */,
				5A40C7F197E7BBCCADA6C2E1 /* BlueVC.swift in Sources */,
				5A40CE88C0F21224D5E6B086 /* YellowVC.swift in Sources */,
				5A40C36497F1CEAFEC955F26 /* ColorVC.swift in Sources */,
				5A40C7E40FCCFD20861FD768 /* Modal.swift in Sources */,
			);
			runOnlyForDeploymentPostprocessing = 0;
		};
/* End PBXSourcesBuildPhase section */

/* Begin PBXTargetDependency section */
		1D7840522063A4C30031AADE /* PBXTargetDependency */ = {
			isa = PBXTargetDependency;
			name = RxModalityStack;
			targetProxy = 1D7840512063A4C30031AADE /* PBXContainerItemProxy */;
		};
/* End PBXTargetDependency section */

/* Begin PBXVariantGroup section */
		1D5549D42052773600A46BEB /* Main.storyboard */ = {
			isa = PBXVariantGroup;
			children = (
				1D5549D52052773600A46BEB /* Base */,
			);
			name = Main.storyboard;
			sourceTree = "<group>";
		};
		1D5549D92052773600A46BEB /* LaunchScreen.storyboard */ = {
			isa = PBXVariantGroup;
			children = (
				1D5549DA2052773600A46BEB /* Base */,
			);
			name = LaunchScreen.storyboard;
			sourceTree = "<group>";
		};
/* End PBXVariantGroup section */

/* Begin XCBuildConfiguration section */
		1D5549DD2052773600A46BEB /* Debug */ = {
			isa = XCBuildConfiguration;
			buildSettings = {
				ALWAYS_SEARCH_USER_PATHS = NO;
				CLANG_ANALYZER_NONNULL = YES;
				CLANG_ANALYZER_NUMBER_OBJECT_CONVERSION = YES_AGGRESSIVE;
				CLANG_CXX_LANGUAGE_STANDARD = "gnu++14";
				CLANG_CXX_LIBRARY = "libc++";
				CLANG_ENABLE_MODULES = YES;
				CLANG_ENABLE_OBJC_ARC = YES;
				CLANG_WARN_BLOCK_CAPTURE_AUTORELEASING = YES;
				CLANG_WARN_BOOL_CONVERSION = YES;
				CLANG_WARN_COMMA = YES;
				CLANG_WARN_CONSTANT_CONVERSION = YES;
				CLANG_WARN_DIRECT_OBJC_ISA_USAGE = YES_ERROR;
				CLANG_WARN_DOCUMENTATION_COMMENTS = YES;
				CLANG_WARN_EMPTY_BODY = YES;
				CLANG_WARN_ENUM_CONVERSION = YES;
				CLANG_WARN_INFINITE_RECURSION = YES;
				CLANG_WARN_INT_CONVERSION = YES;
				CLANG_WARN_NON_LITERAL_NULL_CONVERSION = YES;
				CLANG_WARN_OBJC_LITERAL_CONVERSION = YES;
				CLANG_WARN_OBJC_ROOT_CLASS = YES_ERROR;
				CLANG_WARN_RANGE_LOOP_ANALYSIS = YES;
				CLANG_WARN_STRICT_PROTOTYPES = YES;
				CLANG_WARN_SUSPICIOUS_MOVE = YES;
				CLANG_WARN_UNGUARDED_AVAILABILITY = YES_AGGRESSIVE;
				CLANG_WARN_UNREACHABLE_CODE = YES;
				CLANG_WARN__DUPLICATE_METHOD_MATCH = YES;
				CODE_SIGN_IDENTITY = "iPhone Developer";
				COPY_PHASE_STRIP = NO;
				DEBUG_INFORMATION_FORMAT = dwarf;
				ENABLE_STRICT_OBJC_MSGSEND = YES;
				ENABLE_TESTABILITY = YES;
				GCC_C_LANGUAGE_STANDARD = gnu11;
				GCC_DYNAMIC_NO_PIC = NO;
				GCC_NO_COMMON_BLOCKS = YES;
				GCC_OPTIMIZATION_LEVEL = 0;
				GCC_PREPROCESSOR_DEFINITIONS = (
					"DEBUG=1",
					"$(inherited)",
				);
				GCC_WARN_64_TO_32_BIT_CONVERSION = YES;
				GCC_WARN_ABOUT_RETURN_TYPE = YES_ERROR;
				GCC_WARN_UNDECLARED_SELECTOR = YES;
				GCC_WARN_UNINITIALIZED_AUTOS = YES_AGGRESSIVE;
				GCC_WARN_UNUSED_FUNCTION = YES;
				GCC_WARN_UNUSED_VARIABLE = YES;
				IPHONEOS_DEPLOYMENT_TARGET = 9.0;
				MTL_ENABLE_DEBUG_INFO = YES;
				ONLY_ACTIVE_ARCH = YES;
				SDKROOT = iphoneos;
				SWIFT_ACTIVE_COMPILATION_CONDITIONS = DEBUG;
				SWIFT_OPTIMIZATION_LEVEL = "-Onone";
			};
			name = Debug;
		};
		1D5549DE2052773600A46BEB /* Release */ = {
			isa = XCBuildConfiguration;
			buildSettings = {
				ALWAYS_SEARCH_USER_PATHS = NO;
				CLANG_ANALYZER_NONNULL = YES;
				CLANG_ANALYZER_NUMBER_OBJECT_CONVERSION = YES_AGGRESSIVE;
				CLANG_CXX_LANGUAGE_STANDARD = "gnu++14";
				CLANG_CXX_LIBRARY = "libc++";
				CLANG_ENABLE_MODULES = YES;
				CLANG_ENABLE_OBJC_ARC = YES;
				CLANG_WARN_BLOCK_CAPTURE_AUTORELEASING = YES;
				CLANG_WARN_BOOL_CONVERSION = YES;
				CLANG_WARN_COMMA = YES;
				CLANG_WARN_CONSTANT_CONVERSION = YES;
				CLANG_WARN_DIRECT_OBJC_ISA_USAGE = YES_ERROR;
				CLANG_WARN_DOCUMENTATION_COMMENTS = YES;
				CLANG_WARN_EMPTY_BODY = YES;
				CLANG_WARN_ENUM_CONVERSION = YES;
				CLANG_WARN_INFINITE_RECURSION = YES;
				CLANG_WARN_INT_CONVERSION = YES;
				CLANG_WARN_NON_LITERAL_NULL_CONVERSION = YES;
				CLANG_WARN_OBJC_LITERAL_CONVERSION = YES;
				CLANG_WARN_OBJC_ROOT_CLASS = YES_ERROR;
				CLANG_WARN_RANGE_LOOP_ANALYSIS = YES;
				CLANG_WARN_STRICT_PROTOTYPES = YES;
				CLANG_WARN_SUSPICIOUS_MOVE = YES;
				CLANG_WARN_UNGUARDED_AVAILABILITY = YES_AGGRESSIVE;
				CLANG_WARN_UNREACHABLE_CODE = YES;
				CLANG_WARN__DUPLICATE_METHOD_MATCH = YES;
				CODE_SIGN_IDENTITY = "iPhone Developer";
				COPY_PHASE_STRIP = NO;
				DEBUG_INFORMATION_FORMAT = "dwarf-with-dsym";
				ENABLE_NS_ASSERTIONS = NO;
				ENABLE_STRICT_OBJC_MSGSEND = YES;
				GCC_C_LANGUAGE_STANDARD = gnu11;
				GCC_NO_COMMON_BLOCKS = YES;
				GCC_WARN_64_TO_32_BIT_CONVERSION = YES;
				GCC_WARN_ABOUT_RETURN_TYPE = YES_ERROR;
				GCC_WARN_UNDECLARED_SELECTOR = YES;
				GCC_WARN_UNINITIALIZED_AUTOS = YES_AGGRESSIVE;
				GCC_WARN_UNUSED_FUNCTION = YES;
				GCC_WARN_UNUSED_VARIABLE = YES;
				IPHONEOS_DEPLOYMENT_TARGET = 9.0;
				MTL_ENABLE_DEBUG_INFO = NO;
				SDKROOT = iphoneos;
				SWIFT_OPTIMIZATION_LEVEL = "-Owholemodule";
				VALIDATE_PRODUCT = YES;
			};
			name = Release;
		};
		1D5549E02052773600A46BEB /* Debug */ = {
			isa = XCBuildConfiguration;
			buildSettings = {
				ASSETCATALOG_COMPILER_APPICON_NAME = AppIcon;
				CODE_SIGN_STYLE = Automatic;
				DEVELOPMENT_TEAM = JKB83V3G9Q;
				FRAMEWORK_SEARCH_PATHS = "$(PROJECT_DIR)/../Carthage/Build/iOS";
				INFOPLIST_FILE = RxModalityStackExample/Info.plist;
				LD_RUNPATH_SEARCH_PATHS = "$(inherited) @executable_path/Frameworks";
				PRODUCT_BUNDLE_IDENTIFIER = net.chopestory.RxModalityStackExample;
				PRODUCT_NAME = "$(TARGET_NAME)";
				SWIFT_VERSION = 4.0;
				TARGETED_DEVICE_FAMILY = "1,2";
			};
			name = Debug;
		};
		1D5549E12052773600A46BEB /* Release */ = {
			isa = XCBuildConfiguration;
			buildSettings = {
				ASSETCATALOG_COMPILER_APPICON_NAME = AppIcon;
				CODE_SIGN_STYLE = Automatic;
				DEVELOPMENT_TEAM = JKB83V3G9Q;
				FRAMEWORK_SEARCH_PATHS = "$(PROJECT_DIR)/../Carthage/Build/iOS";
				INFOPLIST_FILE = RxModalityStackExample/Info.plist;
				LD_RUNPATH_SEARCH_PATHS = "$(inherited) @executable_path/Frameworks";
				PRODUCT_BUNDLE_IDENTIFIER = net.chopestory.RxModalityStackExample;
				PRODUCT_NAME = "$(TARGET_NAME)";
				SWIFT_VERSION = 4.0;
				TARGETED_DEVICE_FAMILY = "1,2";
			};
			name = Release;
		};
/* End XCBuildConfiguration section */

/* Begin XCConfigurationList section */
		1D5549C82052773600A46BEB /* Build configuration list for PBXProject "RxModalityStackExample" */ = {
			isa = XCConfigurationList;
			buildConfigurations = (
				1D5549DD2052773600A46BEB /* Debug */,
				1D5549DE2052773600A46BEB /* Release */,
			);
			defaultConfigurationIsVisible = 0;
			defaultConfigurationName = Release;
		};
		1D5549DF2052773600A46BEB /* Build configuration list for PBXNativeTarget "RxModalityStackExample" */ = {
			isa = XCConfigurationList;
			buildConfigurations = (
				1D5549E02052773600A46BEB /* Debug */,
				1D5549E12052773600A46BEB /* Release */,
			);
			defaultConfigurationIsVisible = 0;
			defaultConfigurationName = Release;
		};
/* End XCConfigurationList section */
	};
	rootObject = 1D5549C52052773600A46BEB /* Project object */;
}
