<?xml version="1.0" encoding="UTF-8"?>
<Scheme
   version = "1.3">
   <BuildAction>
      <BuildActionEntries>
         <BuildActionEntry
            buildForRunning = "YES">
            <BuildableReference
               BuildableIdentifier = "primary"
               BlueprintIdentifier = "5A40C6FB30EBBE3DE8E73474"
               BuildableName = "ModalPresenter.app"
               BlueprintName = "ModalPresenter"
               ReferencedContainer = "container:ModalPresenter.xcodeproj">
            </BuildableReference>
         </BuildActionEntry>
      </BuildActionEntries>
   </BuildAction>
   <LaunchAction
      useCustomWorkingDirectory = "NO"
      buildConfiguration = "Debug">
      <BuildableProductRunnable>
         <BuildableReference
            BuildableIdentifier = "primary"
            BlueprintIdentifier = "5A40C6FB30EBBE3DE8E73474"
            BuildableName = "ModalPresenter.app"
            BlueprintName = "ModalPresenter"
            ReferencedContainer = "container:ModalPresenter.xcodeproj">
         </BuildableReference>
      </BuildableProductRunnable>
   </LaunchAction>
</Scheme>
